# This file is automatically @generated by Cargo.
# It is not intended for manual editing.
version = 3

[[package]]
name = "base-traits"
version = "0.1.4"
dependencies = [
 "bt-rs",
]

[[package]]
name = "bt-rs"
version = "0.0.3"
source = "registry+https://github.com/rust-lang/crates.io-index"
checksum = "66c801a3e540d22c99661706133db245edae489c872cfdb2f5925b2077170285"
